{
    "_readme": [
        "This file locks the dependencies of your project to a known state",
        "Read more about it at http://getcomposer.org/doc/01-basic-usage.md#composer-lock-the-lock-file"
    ],
    "hash": "175739aad1d137997af1cbf7ec3ef986",
    "packages": [
        {
            "name": "ikimea/browser",
            "version": "1.0.1",
            "source": {
                "type": "git",
                "url": "https://github.com/Ikimea/Browser.git",
                "reference": "1.0.1"
            },
            "dist": {
                "type": "zip",
                "url": "https://api.github.com/repos/Ikimea/Browser/zipball/1.0.1",
                "reference": "1.0.1",
                "shasum": ""
            },
            "require": {
                "php": ">=5.3.0"
            },
            "type": "library",
            "autoload": {
                "psr-0": {
                    "Ikimea\\Browser\\": "src/"
                }
            },
            "notification-url": "https://packagist.org/downloads/",
            "license": [
                "GPL"
            ],
            "authors": [
                {
                    "name": "Ikimea",
                    "homepage": "http://www.ikimea.com"
                },
                {
                    "name": "Chris Schuld",
                    "homepage": "http://chrisschuld.com"
                },
                {
                    "name": "Gary White",
                    "homepage": "http://www.apptools.com/phptools/browser/"
                }
            ],
            "description": "Detecting the user’s browser",
            "homepage": "http://www.ikimea.com",
            "keywords": [
                "browser"
            ],
            "time": "2012-07-22 13:03:39"
        }
    ],
    "packages-dev": [

    ],
    "aliases": [

    ],
    "minimum-stability": "stable",
    "stability-flags": [

    ],
    "platform": [

    ],
    "platform-dev": [

    ]
}
